{
  "pins" : [
    {
      "identity" : "swift-package-network",
      "kind" : "remoteSourceControl",
      "location" : "https://github.com/kevincosta29/swift-package-network",
      "state" : {
        "branch" : "main",
        "revision" : "974674ac136075bb73abc7e2b96f74ef24d923c9"
      }
    }
  ],
  "version" : 2
}
